
Microsoft Visual Studio Solution File, Format Version 12.00
# Visual Studio Version 17
VisualStudioVersion = 17.9.34728.123
MinimumVisualStudioVersion = 10.0.40219.1
Project("{9A19103F-16F7-4668-BE54-9A1E7A4F7556}") = "KGardenCatalogAPI", "KGardenCatalogAPI\KGardenCatalogAPI.csproj", "{FD8C405D-0567-4B0D-B971-271057E1D47A}"
EndProject
Project("{9A19103F-16F7-4668-BE54-9A1E7A4F7556}") = "Domain", "Domain\Domain.csproj", "{BF3DFAF2-E2C5-4FEF-A4B0-92488FC71CA1}"
EndProject
Project("{2150E333-8FDC-42A3-9474-1A3956D46DE8}") = "1.0 - Web.UI", "1.0 - Web.UI", "{66883497-42CD-4B49-B343-8CA65BC6BA96}"
EndProject
Project("{2150E333-8FDC-42A3-9474-1A3956D46DE8}") = "2.0 - Application", "2.0 - Application", "{E4D95A5D-C121-4404-8A38-02E1F36E9082}"
EndProject
Project("{2150E333-8FDC-42A3-9474-1A3956D46DE8}") = "3.0 - Domain", "3.0 - Domain", "{C32210B3-DF05-48F4-8F98-8C981456038F}"
EndProject
Project("{2150E333-8FDC-42A3-9474-1A3956D46DE8}") = "4.0 - Infra", "4.0 - Infra", "{780CCDBD-A884-4828-A7D7-8EBAFF0AB226}"
EndProject
Project("{9A19103F-16F7-4668-BE54-9A1E7A4F7556}") = "Infra.Data", "Infra\Infra.Data.csproj", "{444E205C-26EA-49A2-9D52-832A514DC81B}"
EndProject
Project("{FAE04EC0-301F-11D3-BF4B-00C04F79EFBC}") = "Application", "ProductsApplication\Application.csproj", "{DAF4672E-F074-4EBF-834C-D66904C3A117}"
EndProject
Global
	GlobalSection(SolutionConfigurationPlatforms) = preSolution
		Debug|Any CPU = Debug|Any CPU
		Release|Any CPU = Release|Any CPU
	EndGlobalSection
	GlobalSection(ProjectConfigurationPlatforms) = postSolution
		{FD8C405D-0567-4B0D-B971-271057E1D47A}.Debug|Any CPU.ActiveCfg = Debug|Any CPU
		{FD8C405D-0567-4B0D-B971-271057E1D47A}.Debug|Any CPU.Build.0 = Debug|Any CPU
		{FD8C405D-0567-4B0D-B971-271057E1D47A}.Release|Any CPU.ActiveCfg = Release|Any CPU
		{FD8C405D-0567-4B0D-B971-271057E1D47A}.Release|Any CPU.Build.0 = Release|Any CPU
		{BF3DFAF2-E2C5-4FEF-A4B0-92488FC71CA1}.Debug|Any CPU.ActiveCfg = Debug|Any CPU
		{BF3DFAF2-E2C5-4FEF-A4B0-92488FC71CA1}.Debug|Any CPU.Build.0 = Debug|Any CPU
		{BF3DFAF2-E2C5-4FEF-A4B0-92488FC71CA1}.Release|Any CPU.ActiveCfg = Release|Any CPU
		{BF3DFAF2-E2C5-4FEF-A4B0-92488FC71CA1}.Release|Any CPU.Build.0 = Release|Any CPU
		{444E205C-26EA-49A2-9D52-832A514DC81B}.Debug|Any CPU.ActiveCfg = Debug|Any CPU
		{444E205C-26EA-49A2-9D52-832A514DC81B}.Debug|Any CPU.Build.0 = Debug|Any CPU
		{444E205C-26EA-49A2-9D52-832A514DC81B}.Release|Any CPU.ActiveCfg = Release|Any CPU
		{444E205C-26EA-49A2-9D52-832A514DC81B}.Release|Any CPU.Build.0 = Release|Any CPU
		{DAF4672E-F074-4EBF-834C-D66904C3A117}.Debug|Any CPU.ActiveCfg = Debug|Any CPU
		{DAF4672E-F074-4EBF-834C-D66904C3A117}.Debug|Any CPU.Build.0 = Debug|Any CPU
		{DAF4672E-F074-4EBF-834C-D66904C3A117}.Release|Any CPU.ActiveCfg = Release|Any CPU
		{DAF4672E-F074-4EBF-834C-D66904C3A117}.Release|Any CPU.Build.0 = Release|Any CPU
	EndGlobalSection
	GlobalSection(SolutionProperties) = preSolution
		HideSolutionNode = FALSE
	EndGlobalSection
	GlobalSection(NestedProjects) = preSolution
		{FD8C405D-0567-4B0D-B971-271057E1D47A} = {66883497-42CD-4B49-B343-8CA65BC6BA96}
		{BF3DFAF2-E2C5-4FEF-A4B0-92488FC71CA1} = {C32210B3-DF05-48F4-8F98-8C981456038F}
		{444E205C-26EA-49A2-9D52-832A514DC81B} = {780CCDBD-A884-4828-A7D7-8EBAFF0AB226}
		{DAF4672E-F074-4EBF-834C-D66904C3A117} = {E4D95A5D-C121-4404-8A38-02E1F36E9082}
	EndGlobalSection
	GlobalSection(ExtensibilityGlobals) = postSolution
		SolutionGuid = {4683A236-812E-4B66-9583-E3E804068273}
	EndGlobalSection
EndGlobal
